# This file is automatically @generated by Poetry 2.4.1 and should not be changed by hand.

[[package]]
name = "pip-licenses"
version = "5.5.5"
description = "Dump the software license list of Python packages installed with pip."
optional = false
python-versions = ">=3.9"
groups = ["dev"]
files = [
    {file = "pip_licenses-5.5.5-py3-none-any.whl", hash = "sha256:f4c4c6d9e6a03612cf59f29f19dc8ab54904d82e055b8e191498f2279a224e14"},
    {file = "pip_licenses-5.5.5.tar.gz", hash = "sha256:60750c006adf7a0910347b726e8ee9fee3bc8d2e7c8307a5c4ec0776c8e2a276"},
]

[package.dependencies]
prettytable = ">=3.12.0"

[package.extras]
dev = ["docutils (>=0.19)", "mypy", "pip-tools", "pypandoc", "pytest-cov", "pytest-runner", "ruff", "tomli-w", "virtualenv (>=21.1.0)", "wheel"]

[[package]]
name = "prettytable"
version = "3.17.0"
description = "A simple Python library for easily displaying tabular data in a visually appealing ASCII table format"
optional = false
python-versions = ">=3.10"
groups = ["dev"]
files = [
    {file = "prettytable-3.17.0-py3-none-any.whl", hash = "sha256:aad69b294ddbe3e1f95ef8886a060ed1666a0b83018bbf56295f6f226c43d287"},
    {file = "prettytable-3.17.0.tar.gz", hash = "sha256:59f2590776527f3c9e8cf9fe7b66dd215837cca96a9c39567414cbc632e8ddb0"},
]

[package.dependencies]
wcwidth = "*"

[package.extras]
tests = ["pytest", "pytest-cov", "pytest-lazy-fixtures"]

[[package]]
name = "python-dotenv"
version = "1.2.2"
description = "Read key-value pairs from a .env file and set them as environment variables"
optional = false
python-versions = ">=3.10"
groups = ["main"]
files = [
    {file = "python_dotenv-1.2.2-py3-none-any.whl", hash = "sha256:1d8214789a24de455a8b8bd8ae6fe3c6b69a5e3d64aa8a8e5d68e694bbcb285a"},
    {file = "python_dotenv-1.2.2.tar.gz", hash = "sha256:2c371a91fbd7ba082c2c1dc1f8bf89ca22564a087c2c287cd9b662adde799cf3"},
]

[package.extras]
cli = ["click (>=5.0)"]

[[package]]
name = "wcwidth"
version = "0.7.0"
description = "Measures the displayed width of unicode strings in a terminal"
optional = false
python-versions = ">=3.8"
groups = ["dev"]
files = [
    {file = "wcwidth-0.7.0-py3-none-any.whl", hash = "sha256:5d69154c429a82910e241c738cd0e2976fac8a2dd47a1a805f4afed1c0f136f2"},
    {file = "wcwidth-0.7.0.tar.gz", hash = "sha256:90e3a7ea092341c44b99562e75d09e4d5160fe7a3974c6fb842a101a95e7eed0"},
]

[metadata]
lock-version = "2.1"
python-versions = "^3.11"
content-hash = "2e9ba4223f3c5a5e249b5694c78605905da90cb2bdc1a52be19c2460d1d285e2"
